// !$*UTF8*$!
{
	archiveVersion = 1;
	classes = {
	};
	objectVersion = 50;
	objects = {

/* Begin PBXBuildFile section */
		182A68D82639B556008E0D3F /* AppDelegate.swift in Sources */ = {isa = PBXBuildFile; fileRef = 182A68D72639B556008E0D3F /* AppDelegate.swift */; };
		182A68DA2639B556008E0D3F /* SceneDelegate.swift in Sources */ = {isa = PBXBuildFile; fileRef = 182A68D92639B556008E0D3F /* SceneDelegate.swift */; };
		182A68DC2639B556008E0D3F /* HomeViewController.swift in Sources */ = {isa = PBXBuildFile; fileRef = 182A68DB2639B556008E0D3F /* HomeViewController.swift */; };
		182A68E12639B557008E0D3F /* Assets.xcassets in Resources */ = {isa = PBXBuildFile; fileRef = 182A68E02639B557008E0D3F /* Assets.xcassets */; };
		182A68E42639B557008E0D3F /* LaunchScreen.storyboard in Resources */ = {isa = PBXBuildFile; fileRef = 182A68E22639B557008E0D3F /* LaunchScreen.storyboard */; };
		182A68EF2639E0E3008E0D3F /* ApiService.swift in Sources */ = {isa = PBXBuildFile; fileRef = 182A68EE2639E0E3008E0D3F /* ApiService.swift */; };
		182A68F22639E22D008E0D3F /* FitnessModel.swift in Sources */ = {isa = PBXBuildFile; fileRef = 182A68F12639E22D008E0D3F /* FitnessModel.swift */; };
		182A68FB2639EB58008E0D3F /* ExerciseCell.swift in Sources */ = {isa = PBXBuildFile; fileRef = 182A68FA2639EB58008E0D3F /* ExerciseCell.swift */; };
		182A69002639ED83008E0D3F /* Roboto-BoldItalic.ttf in Resources */ = {isa = PBXBuildFile; fileRef = 182A68FF2639ED83008E0D3F /* Roboto-BoldItalic.ttf */; };
		182A690E263AAD1E008E0D3F /* HealthKit.framework in Frameworks */ = {isa = PBXBuildFile; fileRef = 182A690D263AAD1E008E0D3F /* HealthKit.framework */; };
/* End PBXBuildFile section */

/* Begin PBXFileReference section */
		182A68D42639B556008E0D3F /* StepSetGone.app */ = {isa = PBXFileReference; explicitFileType = wrapper.application; includeInIndex = 0; path = StepSetGone.app; sourceTree = BUILT_PRODUCTS_DIR; };
		182A68D72639B556008E0D3F /* AppDelegate.swift */ = {isa = PBXFileReference; lastKnownFileType = sourcecode.swift; path = AppDelegate.swift; sourceTree = "<group>"; };
		182A68D92639B556008E0D3F /* SceneDelegate.swift */ = {isa = PBXFileReference; lastKnownFileType = sourcecode.swift; path = SceneDelegate.swift; sourceTree = "<group>"; };
		182A68DB2639B556008E0D3F /* HomeViewController.swift */ = {isa = PBXFileReference; lastKnownFileType = sourcecode.swift; path = HomeViewController.swift; sourceTree = "<group>"; };
		182A68E02639B557008E0D3F /* Assets.xcassets */ = {isa = PBXFileReference; lastKnownFileType = folder.assetcatalog; path = Assets.xcassets; sourceTree = "<group>"; };
		182A68E32639B557008E0D3F /* Base */ = {isa = PBXFileReference; lastKnownFileType = file.storyboard; name = Base; path = Base.lproj/LaunchScreen.storyboard; sourceTree = "<group>"; };
		182A68E52639B557008E0D3F /* Info.plist */ = {isa = PBXFileReference; lastKnownFileType = text.plist.xml; path = Info.plist; sourceTree = "<group>"; };
		182A68EE2639E0E3008E0D3F /* ApiService.swift */ = {isa = PBXFileReference; lastKnownFileType = sourcecode.swift; path = ApiService.swift; sourceTree = "<group>"; };
		182A68F12639E22D008E0D3F /* FitnessModel.swift */ = {isa = PBXFileReference; lastKnownFileType = sourcecode.swift; path = FitnessModel.swift; sourceTree = "<group>"; };
		182A68FA2639EB58008E0D3F /* ExerciseCell.swift */ = {isa = PBXFileReference; lastKnownFileType = sourcecode.swift; path = ExerciseCell.swift; sourceTree = "<group>"; };
		182A68FF2639ED83008E0D3F /* Roboto-BoldItalic.ttf */ = {isa = PBXFileReference; lastKnownFileType = file; path = "Roboto-BoldItalic.ttf"; sourceTree = "<group>"; };
		182A690D263AAD1E008E0D3F /* HealthKit.framework */ = {isa = PBXFileReference; lastKnownFileType = wrapper.framework; name = HealthKit.framework; path = System/Library/Frameworks/HealthKit.framework; sourceTree = SDKROOT; };
/* End PBXFileReference section */

/* Begin PBXFrameworksBuildPhase section */
		182A68D12639B555008E0D3F /* Frameworks */ = {
			isa = PBXFrameworksBuildPhase;
			buildActionMask = 2147483647;
			files = (
				182A690E263AAD1E008E0D3F /* HealthKit.framework in Frameworks */,
			);
			runOnlyForDeploymentPostprocessing = 0;
		};
/* End PBXFrameworksBuildPhase section */

/* Begin PBXGroup section */
		182A68CB2639B555008E0D3F = {
			isa = PBXGroup;
			children = (
				182A68FF2639ED83008E0D3F /* Roboto-BoldItalic.ttf */,
				182A68D62639B556008E0D3F /* StepSetGone */,
				182A68D52639B556008E0D3F /* Products */,
				182A690C263AAD1E008E0D3F /* Frameworks */,
			);
			sourceTree = "<group>";
		};
		182A68D52639B556008E0D3F /* Products */ = {
			isa = PBXGroup;
			children = (
				182A68D42639B556008E0D3F /* StepSetGone.app */,
			);
			name = Products;
			sourceTree = "<group>";
		};
		182A68D62639B556008E0D3F /* StepSetGone */ = {
			isa = PBXGroup;
			children = (
				182A68D72639B556008E0D3F /* AppDelegate.swift */,
				182A68D92639B556008E0D3F /* SceneDelegate.swift */,
				182A68F42639E243008E0D3F /* Model */,
				182A68F62639E24D008E0D3F /* APIService */,
				182A68F72639E25C008E0D3F /* Controller */,
				182A68F92639EB2D008E0D3F /* View */,
				182A68E02639B557008E0D3F /* Assets.xcassets */,
				182A68E22639B557008E0D3F /* LaunchScreen.storyboard */,
				182A68E52639B557008E0D3F /* Info.plist */,
			);
			path = StepSetGone;
			sourceTree = "<group>";
		};
		182A68F42639E243008E0D3F /* Model */ = {
			isa = PBXGroup;
			children = (
				182A68F12639E22D008E0D3F /* FitnessModel.swift */,
			);
			path = Model;
			sourceTree = "<group>";
		};
		182A68F62639E24D008E0D3F /* APIService */ = {
			isa = PBXGroup;
			children = (
				182A68EE2639E0E3008E0D3F /* ApiService.swift */,
			);
			path = APIService;
			sourceTree = "<group>";
		};
		182A68F72639E25C008E0D3F /* Controller */ = {
			isa = PBXGroup;
			children = (
				182A68DB2639B556008E0D3F /* HomeViewController.swift */,
			);
			path = Controller;
			sourceTree = "<group>";
		};
		182A68F92639EB2D008E0D3F /* View */ = {
			isa = PBXGroup;
			children = (
				182A68FA2639EB58008E0D3F /* ExerciseCell.swift */,
			);
			path = View;
			sourceTree = "<group>";
		};
		182A690C263AAD1E008E0D3F /* Frameworks */ = {
			isa = PBXGroup;
			children = (
				182A690D263AAD1E008E0D3F /* HealthKit.framework */,
			);
			name = Frameworks;
			sourceTree = "<group>";
		};
/* End PBXGroup section */

/* Begin PBXNativeTarget section */
		182A68D32639B555008E0D3F /* StepSetGone */ = {
			isa = PBXNativeTarget;
			buildConfigurationList = 182A68E82639B557008E0D3F /* Build configuration list for PBXNativeTarget "StepSetGone" */;
			buildPhases = (
				182A68D02639B555008E0D3F /* Sources */,
				182A68D12639B555008E0D3F /* Frameworks */,
				182A68D22639B555008E0D3F /* Resources */,
			);
			buildRules = (
			);
			dependencies = (
			);
			name = StepSetGone;
			productName = StepSetGone;
			productReference = 182A68D42639B556008E0D3F /* StepSetGone.app */;
			productType = "com.apple.product-type.application";
		};
/* End PBXNativeTarget section */

/* Begin PBXProject section */
		182A68CC2639B555008E0D3F /* Project object */ = {
			isa = PBXProject;
			attributes = {
				LastSwiftUpdateCheck = 1240;
				LastUpgradeCheck = 1240;
				TargetAttributes = {
					182A68D32639B555008E0D3F = {
						CreatedOnToolsVersion = 12.4;
					};
				};
			};
			buildConfigurationList = 182A68CF2639B555008E0D3F /* Build configuration list for PBXProject "StepSetGone" */;
			compatibilityVersion = "Xcode 9.3";
			developmentRegion = en;
			hasScannedForEncodings = 0;
			knownRegions = (
				en,
				Base,
			);
			mainGroup = 182A68CB2639B555008E0D3F;
			productRefGroup = 182A68D52639B556008E0D3F /* Products */;
			projectDirPath = "";
			projectRoot = "";
			targets = (
				182A68D32639B555008E0D3F /* StepSetGone */,
			);
		};
/* End PBXProject section */

/* Begin PBXResourcesBuildPhase section */
		182A68D22639B555008E0D3F /* Resources */ = {
			isa = PBXResourcesBuildPhase;
			buildActionMask = 2147483647;
			files = (
				182A68E42639B557008E0D3F /* LaunchScreen.storyboard in Resources */,
				182A68E12639B557008E0D3F /* Assets.xcassets in Resources */,
				182A69002639ED83008E0D3F /* Roboto-BoldItalic.ttf in Resources */,
			);
			runOnlyForDeploymentPostprocessing = 0;
		};
/* End PBXResourcesBuildPhase section */

/* Begin PBXSourcesBuildPhase section */
		182A68D02639B555008E0D3F /* Sources */ = {
			isa = PBXSourcesBuildPhase;
			buildActionMask = 2147483647;
			files = (
				182A68DC2639B556008E0D3F /* HomeViewController.swift in Sources */,
				182A68D82639B556008E0D3F /* AppDelegate.swift in Sources */,
				182A68EF2639E0E3008E0D3F /* ApiService.swift in Sources */,
				182A68DA2639B556008E0D3F /* SceneDelegate.swift in Sources */,
				182A68F22639E22D008E0D3F /* FitnessModel.swift in Sources */,
				182A68FB2639EB58008E0D3F /* ExerciseCell.swift in Sources */,
			);
			runOnlyForDeploymentPostprocessing = 0;
		};
/* End PBXSourcesBuildPhase section */

/* Begin PBXVariantGroup section */
		182A68E22639B557008E0D3F /* LaunchScreen.storyboard */ = {
			isa = PBXVariantGroup;
			children = (
				182A68E32639B557008E0D3F /* Base */,
			);
			name = LaunchScreen.storyboard;
			sourceTree = "<group>";
		};
/* End PBXVariantGroup section */

/* Begin XCBuildConfiguration section */
		182A68E62639B557008E0D3F /* Debug */ = {
			isa = XCBuildConfiguration;
			buildSettings = {
				ALWAYS_SEARCH_USER_PATHS = NO;
				CLANG_ANALYZER_NONNULL = YES;
				CLANG_ANALYZER_NUMBER_OBJECT_CONVERSION = YES_AGGRESSIVE;
				CLANG_CXX_LANGUAGE_STANDARD = "gnu++14";
				CLANG_CXX_LIBRARY = "libc++";
				CLANG_ENABLE_MODULES = YES;
				CLANG_ENABLE_OBJC_ARC = YES;
				CLANG_ENABLE_OBJC_WEAK = YES;
				CLANG_WARN_BLOCK_CAPTURE_AUTORELEASING = YES;
				CLANG_WARN_BOOL_CONVERSION = YES;
				CLANG_WARN_COMMA = YES;
				CLANG_WARN_CONSTANT_CONVERSION = YES;
				CLANG_WARN_DEPRECATED_OBJC_IMPLEMENTATIONS = YES;
				CLANG_WARN_DIRECT_OBJC_ISA_USAGE = YES_ERROR;
				CLANG_WARN_DOCUMENTATION_COMMENTS = YES;
				CLANG_WARN_EMPTY_BODY = YES;
				CLANG_WARN_ENUM_CONVERSION = YES;
				CLANG_WARN_INFINITE_RECURSION = YES;
				CLANG_WARN_INT_CONVERSION = YES;
				CLANG_WARN_NON_LITERAL_NULL_CONVERSION = YES;
				CLANG_WARN_OBJC_IMPLICIT_RETAIN_SELF = YES;
				CLANG_WARN_OBJC_LITERAL_CONVERSION = YES;
				CLANG_WARN_OBJC_ROOT_CLASS = YES_ERROR;
				CLANG_WARN_QUOTED_INCLUDE_IN_FRAMEWORK_HEADER = YES;
				CLANG_WARN_RANGE_LOOP_ANALYSIS = YES;
				CLANG_WARN_STRICT_PROTOTYPES = YES;
				CLANG_WARN_SUSPICIOUS_MOVE = YES;
				CLANG_WARN_UNGUARDED_AVAILABILITY = YES_AGGRESSIVE;
				CLANG_WARN_UNREACHABLE_CODE = YES;
				CLANG_WARN__DUPLICATE_METHOD_MATCH = YES;
				COPY_PHASE_STRIP = NO;
				DEBUG_INFORMATION_FORMAT = dwarf;
				ENABLE_STRICT_OBJC_MSGSEND = YES;
				ENABLE_TESTABILITY = YES;
				GCC_C_LANGUAGE_STANDARD = gnu11;
				GCC_DYNAMIC_NO_PIC = NO;
				GCC_NO_COMMON_BLOCKS = YES;
				GCC_OPTIMIZATION_LEVEL = 0;
				GCC_PREPROCESSOR_DEFINITIONS = (
					"DEBUG=1",
					"$(inherited)",
				);
				GCC_WARN_64_TO_32_BIT_CONVERSION = YES;
				GCC_WARN_ABOUT_RETURN_TYPE = YES_ERROR;
				GCC_WARN_UNDECLARED_SELECTOR = YES;
				GCC_WARN_UNINITIALIZED_AUTOS = YES_AGGRESSIVE;
				GCC_WARN_UNUSED_FUNCTION = YES;
				GCC_WARN_UNUSED_VARIABLE = YES;
				IPHONEOS_DEPLOYMENT_TARGET = 14.4;
				MTL_ENABLE_DEBUG_INFO = INCLUDE_SOURCE;
				MTL_FAST_MATH = YES;
				ONLY_ACTIVE_ARCH = YES;
				SDKROOT = iphoneos;
				SWIFT_ACTIVE_COMPILATION_CONDITIONS = DEBUG;
				SWIFT_OPTIMIZATION_LEVEL = "-Onone";
			};
			name = Debug;
		};
		182A68E72639B557008E0D3F /* Release */ = {
			isa = XCBuildConfiguration;
			buildSettings = {
				ALWAYS_SEARCH_USER_PATHS = NO;
				CLANG_ANALYZER_NONNULL = YES;
				CLANG_ANALYZER_NUMBER_OBJECT_CONVERSION = YES_AGGRESSIVE;
				CLANG_CXX_LANGUAGE_STANDARD = "gnu++14";
				CLANG_CXX_LIBRARY = "libc++";
				CLANG_ENABLE_MODULES = YES;
				CLANG_ENABLE_OBJC_ARC = YES;
				CLANG_ENABLE_OBJC_WEAK = YES;
				CLANG_WARN_BLOCK_CAPTURE_AUTORELEASING = YES;
				CLANG_WARN_BOOL_CONVERSION = YES;
				CLANG_WARN_COMMA = YES;
				CLANG_WARN_CONSTANT_CONVERSION = YES;
				CLANG_WARN_DEPRECATED_OBJC_IMPLEMENTATIONS = YES;
				CLANG_WARN_DIRECT_OBJC_ISA_USAGE = YES_ERROR;
				CLANG_WARN_DOCUMENTATION_COMMENTS = YES;
				CLANG_WARN_EMPTY_BODY = YES;
				CLANG_WARN_ENUM_CONVERSION = YES;
				CLANG_WARN_INFINITE_RECURSION = YES;
				CLANG_WARN_INT_CONVERSION = YES;
				CLANG_WARN_NON_LITERAL_NULL_CONVERSION = YES;
				CLANG_WARN_OBJC_IMPLICIT_RETAIN_SELF = YES;
				CLANG_WARN_OBJC_LITERAL_CONVERSION = YES;
				CLANG_WARN_OBJC_ROOT_CLASS = YES_ERROR;
				CLANG_WARN_QUOTED_INCLUDE_IN_FRAMEWORK_HEADER = YES;
				CLANG_WARN_RANGE_LOOP_ANALYSIS = YES;
				CLANG_WARN_STRICT_PROTOTYPES = YES;
				CLANG_WARN_SUSPICIOUS_MOVE = YES;
				CLANG_WARN_UNGUARDED_AVAILABILITY = YES_AGGRESSIVE;
				CLANG_WARN_UNREACHABLE_CODE = YES;
				CLANG_WARN__DUPLICATE_METHOD_MATCH = YES;
				COPY_PHASE_STRIP = NO;
				DEBUG_INFORMATION_FORMAT = "dwarf-with-dsym";
				ENABLE_NS_ASSERTIONS = NO;
				ENABLE_STRICT_OBJC_MSGSEND = YES;
				GCC_C_LANGUAGE_STANDARD = gnu11;
				GCC_NO_COMMON_BLOCKS = YES;
				GCC_WARN_64_TO_32_BIT_CONVERSION = YES;
				GCC_WARN_ABOUT_RETURN_TYPE = YES_ERROR;
				GCC_WARN_UNDECLARED_SELECTOR = YES;
				GCC_WARN_UNINITIALIZED_AUTOS = YES_AGGRESSIVE;
				GCC_WARN_UNUSED_FUNCTION = YES;
				GCC_WARN_UNUSED_VARIABLE = YES;
				IPHONEOS_DEPLOYMENT_TARGET = 14.4;
				MTL_ENABLE_DEBUG_INFO = NO;
				MTL_FAST_MATH = YES;
				SDKROOT = iphoneos;
				SWIFT_COMPILATION_MODE = wholemodule;
				SWIFT_OPTIMIZATION_LEVEL = "-O";
				VALIDATE_PRODUCT = YES;
			};
			name = Release;
		};
		182A68E92639B557008E0D3F /* Debug */ = {
			isa = XCBuildConfiguration;
			buildSettings = {
				ASSETCATALOG_COMPILER_APPICON_NAME = AppIcon;
				ASSETCATALOG_COMPILER_GLOBAL_ACCENT_COLOR_NAME = AccentColor;
				CODE_SIGN_ENTITLEMENTS = StepSetGone/StepSetGone.entitlements;
				CODE_SIGN_STYLE = Automatic;
				DEVELOPMENT_TEAM = 24RH386RN6;
				INFOPLIST_FILE = StepSetGone/Info.plist;
				IPHONEOS_DEPLOYMENT_TARGET = 13.0;
				LD_RUNPATH_SEARCH_PATHS = (
					"$(inherited)",
					"@executable_path/Frameworks",
				);
				PRODUCT_BUNDLE_IDENTIFIER = com.singlasachin.StepSetGone;
				PRODUCT_NAME = "$(TARGET_NAME)";
				SWIFT_VERSION = 5.0;
				TARGETED_DEVICE_FAMILY = "1,2";
			};
			name = Debug;
		};
		182A68EA2639B557008E0D3F /* Release */ = {
			isa = XCBuildConfiguration;
			buildSettings = {
				ASSETCATALOG_COMPILER_APPICON_NAME = AppIcon;
				ASSETCATALOG_COMPILER_GLOBAL_ACCENT_COLOR_NAME = AccentColor;
				CODE_SIGN_ENTITLEMENTS = StepSetGone/StepSetGone.entitlements;
				CODE_SIGN_STYLE = Automatic;
				DEVELOPMENT_TEAM = 24RH386RN6;
				INFOPLIST_FILE = StepSetGone/Info.plist;
				IPHONEOS_DEPLOYMENT_TARGET = 13.0;
				LD_RUNPATH_SEARCH_PATHS = (
					"$(inherited)",
					"@executable_path/Frameworks",
				);
				PRODUCT_BUNDLE_IDENTIFIER = com.singlasachin.StepSetGone;
				PRODUCT_NAME = "$(TARGET_NAME)";
				SWIFT_VERSION = 5.0;
				TARGETED_DEVICE_FAMILY = "1,2";
			};
			name = Release;
		};
/* End XCBuildConfiguration section */

/* Begin XCConfigurationList section */
		182A68CF2639B555008E0D3F /* Build configuration list for PBXProject "StepSetGone" */ = {
			isa = XCConfigurationList;
			buildConfigurations = (
				182A68E62639B557008E0D3F /* Debug */,
				182A68E72639B557008E0D3F /* Release */,
			);
			defaultConfigurationIsVisible = 0;
			defaultConfigurationName = Release;
		};
		182A68E82639B557008E0D3F /* Build configuration list for PBXNativeTarget "StepSetGone" */ = {
			isa = XCConfigurationList;
			buildConfigurations = (
				182A68E92639B557008E0D3F /* Debug */,
				182A68EA2639B557008E0D3F /* Release */,
			);
			defaultConfigurationIsVisible = 0;
			defaultConfigurationName = Release;
		};
/* End XCConfigurationList section */
	};
	rootObject = 182A68CC2639B555008E0D3F /* Project object */;
}
